
Microsoft Visual Studio Solution File, Format Version 12.00
# Visual Studio 14
VisualStudioVersion = 14.0.25420.1
MinimumVisualStudioVersion = 10.0.40219.1
Project("{FAE04EC0-301F-11D3-BF4B-00C04F79EFBC}") = "WebApplication6-20.web", "WebApplication6-20.web\WebApplication6-20.web.csproj", "{50D8098D-F1F6-4AD1-9259-C23B078D5030}"
EndProject
Project("{FAE04EC0-301F-11D3-BF4B-00C04F79EFBC}") = "WebApplication6-20.data", "WebApplication6-20.data\WebApplication6-20.data.csproj", "{4842F762-B947-400F-9566-9E86305B4F56}"
EndProject
Global
	GlobalSection(SolutionConfigurationPlatforms) = preSolution
		Debug|Any CPU = Debug|Any CPU
		Release|Any CPU = Release|Any CPU
	EndGlobalSection
	GlobalSection(ProjectConfigurationPlatforms) = postSolution
		{50D8098D-F1F6-4AD1-9259-C23B078D5030}.Debug|Any CPU.ActiveCfg = Debug|Any CPU
		{50D8098D-F1F6-4AD1-9259-C23B078D5030}.Debug|Any CPU.Build.0 = Debug|Any CPU
		{50D8098D-F1F6-4AD1-9259-C23B078D5030}.Release|Any CPU.ActiveCfg = Release|Any CPU
		{50D8098D-F1F6-4AD1-9259-C23B078D5030}.Release|Any CPU.Build.0 = Release|Any CPU
		{4842F762-B947-400F-9566-9E86305B4F56}.Debug|Any CPU.ActiveCfg = Debug|Any CPU
		{4842F762-B947-400F-9566-9E86305B4F56}.Debug|Any CPU.Build.0 = Debug|Any CPU
		{4842F762-B947-400F-9566-9E86305B4F56}.Release|Any CPU.ActiveCfg = Release|Any CPU
		{4842F762-B947-400F-9566-9E86305B4F56}.Release|Any CPU.Build.0 = Release|Any CPU
	EndGlobalSection
	GlobalSection(SolutionProperties) = preSolution
		HideSolutionNode = FALSE
	EndGlobalSection
EndGlobal
